
Microsoft Visual Studio Solution File, Format Version 12.00
# Visual Studio Version 16
VisualStudioVersion = 16.0.30011.22
MinimumVisualStudioVersion = 10.0.40219.1
Project("{34036844-64E7-43A5-9151-4AD90E180989}") = "WindowsEdgeApp", "WindowsEdgeApp\WindowsEdgeApp.iotedgeproj", "{89DE2A9B-3448-4E59-A972-AD8874507900}"
EndProject
Project("{FAE04EC0-301F-11D3-BF4B-00C04F79EFBC}") = "TestModule", "TestModule\TestModule.csproj", "{6A0B45B5-E9F6-4A30-A729-CDEB0DC9B9C5}"
EndProject
Global
	GlobalSection(SolutionConfigurationPlatforms) = preSolution
		Debug|Any CPU = Debug|Any CPU
		Release|Any CPU = Release|Any CPU
	EndGlobalSection
	GlobalSection(ProjectConfigurationPlatforms) = postSolution
		{89DE2A9B-3448-4E59-A972-AD8874507900}.Debug|Any CPU.ActiveCfg = Debug|Any CPU
		{89DE2A9B-3448-4E59-A972-AD8874507900}.Debug|Any CPU.Build.0 = Debug|Any CPU
		{89DE2A9B-3448-4E59-A972-AD8874507900}.Release|Any CPU.ActiveCfg = Release|Any CPU
		{89DE2A9B-3448-4E59-A972-AD8874507900}.Release|Any CPU.Build.0 = Release|Any CPU
		{6A0B45B5-E9F6-4A30-A729-CDEB0DC9B9C5}.Debug|Any CPU.ActiveCfg = Debug|Any CPU
		{6A0B45B5-E9F6-4A30-A729-CDEB0DC9B9C5}.Debug|Any CPU.Build.0 = Debug|Any CPU
		{6A0B45B5-E9F6-4A30-A729-CDEB0DC9B9C5}.Release|Any CPU.ActiveCfg = Release|Any CPU
		{6A0B45B5-E9F6-4A30-A729-CDEB0DC9B9C5}.Release|Any CPU.Build.0 = Release|Any CPU
	EndGlobalSection
	GlobalSection(SolutionProperties) = preSolution
		HideSolutionNode = FALSE
	EndGlobalSection
	GlobalSection(ExtensibilityGlobals) = postSolution
		SolutionGuid = {9DDA4487-45FD-4675-8FA6-0603A876AD5C}
	EndGlobalSection
EndGlobal
